
Microsoft Visual Studio Solution File, Format Version 12.00
# Visual Studio Version 16
VisualStudioVersion = 16.0.30320.27
MinimumVisualStudioVersion = 10.0.40219.1
Project("{8BC9CEB8-8B4A-11D0-8D11-00A0C91BC942}") = "L3.7", "L3.7\L3.7.vcxproj", "{4C6DC2F6-CDE7-443E-BEE6-4C0AD9C4805E}"
EndProject
Global
	GlobalSection(SolutionConfigurationPlatforms) = preSolution
		Debug|x64 = Debug|x64
		Debug|x86 = Debug|x86
		Release|x64 = Release|x64
		Release|x86 = Release|x86
	EndGlobalSection
	GlobalSection(ProjectConfigurationPlatforms) = postSolution
		{4C6DC2F6-CDE7-443E-BEE6-4C0AD9C4805E}.Debug|x64.ActiveCfg = Debug|x64
		{4C6DC2F6-CDE7-443E-BEE6-4C0AD9C4805E}.Debug|x64.Build.0 = Debug|x64
		{4C6DC2F6-CDE7-443E-BEE6-4C0AD9C4805E}.Debug|x86.ActiveCfg = Debug|Win32
		{4C6DC2F6-CDE7-443E-BEE6-4C0AD9C4805E}.Debug|x86.Build.0 = Debug|Win32
		{4C6DC2F6-CDE7-443E-BEE6-4C0AD9C4805E}.Release|x64.ActiveCfg = Release|x64
		{4C6DC2F6-CDE7-443E-BEE6-4C0AD9C4805E}.Release|x64.Build.0 = Release|x64
		{4C6DC2F6-CDE7-443E-BEE6-4C0AD9C4805E}.Release|x86.ActiveCfg = Release|Win32
		{4C6DC2F6-CDE7-443E-BEE6-4C0AD9C4805E}.Release|x86.Build.0 = Release|Win32
	EndGlobalSection
	GlobalSection(SolutionProperties) = preSolution
		HideSolutionNode = FALSE
	EndGlobalSection
	GlobalSection(ExtensibilityGlobals) = postSolution
		SolutionGuid = {235ADF89-BD3F-4D6A-AB52-03727884390B}
	EndGlobalSection
EndGlobal
